
Microsoft Visual Studio Solution File, Format Version 12.00
# Visual Studio Version 17
VisualStudioVersion = 17.7.34221.43
MinimumVisualStudioVersion = 10.0.40219.1
Project("{FAE04EC0-301F-11D3-BF4B-00C04F79EFBC}") = "RewardApp", "RewardApp.csproj", "{CED6CD04-225A-4E0E-9864-7F3B98ADF67A}"
EndProject
Global
	GlobalSection(SolutionConfigurationPlatforms) = preSolution
		Debug|Any CPU = Debug|Any CPU
		Release|Any CPU = Release|Any CPU
	EndGlobalSection
	GlobalSection(ProjectConfigurationPlatforms) = postSolution
		{CED6CD04-225A-4E0E-9864-7F3B98ADF67A}.Debug|Any CPU.ActiveCfg = Debug|Any CPU
		{CED6CD04-225A-4E0E-9864-7F3B98ADF67A}.Debug|Any CPU.Build.0 = Debug|Any CPU
		{CED6CD04-225A-4E0E-9864-7F3B98ADF67A}.Release|Any CPU.ActiveCfg = Release|Any CPU
		{CED6CD04-225A-4E0E-9864-7F3B98ADF67A}.Release|Any CPU.Build.0 = Release|Any CPU
	EndGlobalSection
	GlobalSection(SolutionProperties) = preSolution
		HideSolutionNode = FALSE
	EndGlobalSection
	GlobalSection(ExtensibilityGlobals) = postSolution
		SolutionGuid = {6176B485-C083-446E-BE43-591EBFB075B8}
	EndGlobalSection
EndGlobal
